// !$*UTF8*$!
{
	archiveVersion = 1;
	classes = {
	};
	objectVersion = 52;
	objects = {

/* Begin PBXBuildFile section */
		D40D8E71232A88FA00697259 /* RVS_GTDriver.swift in Sources */ = {isa = PBXBuildFile; fileRef = D40D8E70232A88FA00697259 /* RVS_GTDriver.swift */; };
		D41494BF232A92B200E1475D /* Warnings.xcconfig in Resources */ = {isa = PBXBuildFile; fileRef = D41494BD232A92B200E1475D /* Warnings.xcconfig */; };
		D41494C0232A92B200E1475D /* Warnings.xcconfig in Resources */ = {isa = PBXBuildFile; fileRef = D41494BD232A92B200E1475D /* Warnings.xcconfig */; };
		D43540E4232B146800C92A19 /* RVS_String_Extensions.swift in Sources */ = {isa = PBXBuildFile; fileRef = D43540E3232B146800C92A19 /* RVS_String_Extensions.swift */; };
		D43540E7232B14DE00C92A19 /* Localizable.strings in Resources */ = {isa = PBXBuildFile; fileRef = D43540E5232B14DE00C92A19 /* Localizable.strings */; };
		D43A7E07232AEADF00A9C55A /* RVS_GTDevice.swift in Sources */ = {isa = PBXBuildFile; fileRef = D43A7E06232AEADF00A9C55A /* RVS_GTDevice.swift */; };
		D4749B70232A842A0073F7BC /* RVS_GTDriver.framework in Frameworks */ = {isa = PBXBuildFile; fileRef = D4749B66232A842A0073F7BC /* RVS_GTDriver.framework */; };
		D4749B75232A842A0073F7BC /* RVS_GTDriverTests.swift in Sources */ = {isa = PBXBuildFile; fileRef = D4749B74232A842A0073F7BC /* RVS_GTDriverTests.swift */; };
		D4DDD0EB232A8CAA006836D0 /* RVS_GTDriver_MacOS_Test_Harness_AppDelegate.swift in Sources */ = {isa = PBXBuildFile; fileRef = D4DDD0EA232A8CAA006836D0 /* RVS_GTDriver_MacOS_Test_Harness_AppDelegate.swift */; };
		D4DDD0ED232A8CAA006836D0 /* RVS_GTDriver_MacOS_Test_Harness_ViewController.swift in Sources */ = {isa = PBXBuildFile; fileRef = D4DDD0EC232A8CAA006836D0 /* RVS_GTDriver_MacOS_Test_Harness_ViewController.swift */; };
		D4DDD0EF232A8CAA006836D0 /* Assets.xcassets in Resources */ = {isa = PBXBuildFile; fileRef = D4DDD0EE232A8CAA006836D0 /* Assets.xcassets */; };
		D4DDD0F2232A8CAA006836D0 /* Main.storyboard in Resources */ = {isa = PBXBuildFile; fileRef = D4DDD0F0232A8CAA006836D0 /* Main.storyboard */; };
/* End PBXBuildFile section */

/* Begin PBXContainerItemProxy section */
		D4749B71232A842A0073F7BC /* PBXContainerItemProxy */ = {
			isa = PBXContainerItemProxy;
			containerPortal = D4749B5D232A842A0073F7BC /* Project object */;
			proxyType = 1;
			remoteGlobalIDString = D4749B65232A842A0073F7BC;
			remoteInfo = RVS_GTDriver;
		};
		D4823C47232A940000A16CE9 /* PBXContainerItemProxy */ = {
			isa = PBXContainerItemProxy;
			containerPortal = D4749B5D232A842A0073F7BC /* Project object */;
			proxyType = 1;
			remoteGlobalIDString = D4749B65232A842A0073F7BC;
			remoteInfo = RVS_GTDriver;
		};
/* End PBXContainerItemProxy section */

/* Begin PBXFileReference section */
		D40D8E70232A88FA00697259 /* RVS_GTDriver.swift */ = {isa = PBXFileReference; lastKnownFileType = sourcecode.swift; path = RVS_GTDriver.swift; sourceTree = "<group>"; };
		D41494BD232A92B200E1475D /* Warnings.xcconfig */ = {isa = PBXFileReference; fileEncoding = 4; lastKnownFileType = text.xcconfig; name = Warnings.xcconfig; path = ../../Meta/Warnings.xcconfig; sourceTree = "<group>"; };
		D43540E3232B146800C92A19 /* RVS_String_Extensions.swift */ = {isa = PBXFileReference; fileEncoding = 4; lastKnownFileType = sourcecode.swift; path = RVS_String_Extensions.swift; sourceTree = "<group>"; };
		D43540E6232B14DE00C92A19 /* Base */ = {isa = PBXFileReference; lastKnownFileType = text.plist.strings; name = Base; path = Base.lproj/Localizable.strings; sourceTree = "<group>"; };
		D43A7E06232AEADF00A9C55A /* RVS_GTDevice.swift */ = {isa = PBXFileReference; fileEncoding = 4; lastKnownFileType = sourcecode.swift; path = RVS_GTDevice.swift; sourceTree = "<group>"; };
		D4749B66232A842A0073F7BC /* RVS_GTDriver.framework */ = {isa = PBXFileReference; explicitFileType = wrapper.framework; includeInIndex = 0; path = RVS_GTDriver.framework; sourceTree = BUILT_PRODUCTS_DIR; };
		D4749B69232A842A0073F7BC /* RVS_GTDriver.h */ = {isa = PBXFileReference; lastKnownFileType = sourcecode.c.h; path = RVS_GTDriver.h; sourceTree = "<group>"; };
		D4749B6A232A842A0073F7BC /* Info.plist */ = {isa = PBXFileReference; lastKnownFileType = text.plist.xml; path = Info.plist; sourceTree = "<group>"; };
		D4749B6F232A842A0073F7BC /* RVS_GTDriverTests.xctest */ = {isa = PBXFileReference; explicitFileType = wrapper.cfbundle; includeInIndex = 0; path = RVS_GTDriverTests.xctest; sourceTree = BUILT_PRODUCTS_DIR; };
		D4749B74232A842A0073F7BC /* RVS_GTDriverTests.swift */ = {isa = PBXFileReference; lastKnownFileType = sourcecode.swift; path = RVS_GTDriverTests.swift; sourceTree = "<group>"; };
		D4749B76232A842A0073F7BC /* Info.plist */ = {isa = PBXFileReference; lastKnownFileType = text.plist.xml; path = Info.plist; sourceTree = "<group>"; };
		D4823C4A232A947300A16CE9 /* Meta */ = {isa = PBXFileReference; lastKnownFileType = folder; path = Meta; sourceTree = "<group>"; };
		D4DDD0E8232A8CA9006836D0 /* RVS_GTDriver_MacOS_Test_Harness.app */ = {isa = PBXFileReference; explicitFileType = wrapper.application; includeInIndex = 0; path = RVS_GTDriver_MacOS_Test_Harness.app; sourceTree = BUILT_PRODUCTS_DIR; };
		D4DDD0EA232A8CAA006836D0 /* RVS_GTDriver_MacOS_Test_Harness_AppDelegate.swift */ = {isa = PBXFileReference; lastKnownFileType = sourcecode.swift; path = RVS_GTDriver_MacOS_Test_Harness_AppDelegate.swift; sourceTree = "<group>"; };
		D4DDD0EC232A8CAA006836D0 /* RVS_GTDriver_MacOS_Test_Harness_ViewController.swift */ = {isa = PBXFileReference; lastKnownFileType = sourcecode.swift; path = RVS_GTDriver_MacOS_Test_Harness_ViewController.swift; sourceTree = "<group>"; };
		D4DDD0EE232A8CAA006836D0 /* Assets.xcassets */ = {isa = PBXFileReference; lastKnownFileType = folder.assetcatalog; path = Assets.xcassets; sourceTree = "<group>"; };
		D4DDD0F1232A8CAA006836D0 /* Base */ = {isa = PBXFileReference; lastKnownFileType = file.storyboard; name = Base; path = Base.lproj/Main.storyboard; sourceTree = "<group>"; };
		D4DDD0F3232A8CAB006836D0 /* Info.plist */ = {isa = PBXFileReference; lastKnownFileType = text.plist.xml; path = Info.plist; sourceTree = "<group>"; };
		D4DDD0F4232A8CAB006836D0 /* RVS_GTDriver_MacOS_Test_Harness.entitlements */ = {isa = PBXFileReference; lastKnownFileType = text.plist.entitlements; path = RVS_GTDriver_MacOS_Test_Harness.entitlements; sourceTree = "<group>"; };
/* End PBXFileReference section */

/* Begin PBXFrameworksBuildPhase section */
		D4749B6C232A842A0073F7BC /* Frameworks */ = {
			isa = PBXFrameworksBuildPhase;
			buildActionMask = 2147483647;
			files = (
				D4749B70232A842A0073F7BC /* RVS_GTDriver.framework in Frameworks */,
			);
			runOnlyForDeploymentPostprocessing = 0;
		};
/* End PBXFrameworksBuildPhase section */

/* Begin PBXGroup section */
		D43540E0232B143800C92A19 /* Extensions */ = {
			isa = PBXGroup;
			children = (
				D43540E3232B146800C92A19 /* RVS_String_Extensions.swift */,
			);
			path = Extensions;
			sourceTree = "<group>";
		};
		D4749B5C232A842A0073F7BC = {
			isa = PBXGroup;
			children = (
				D4749B68232A842A0073F7BC /* RVS_GTDriver */,
				D4749B73232A842A0073F7BC /* RVS_GTDriverTests */,
				D4DDD0E9232A8CA9006836D0 /* RVS_GTDriver_MacOS_Test_Harness */,
				D4749B67232A842A0073F7BC /* Products */,
				D4823C4A232A947300A16CE9 /* Meta */,
			);
			sourceTree = "<group>";
		};
		D4749B67232A842A0073F7BC /* Products */ = {
			isa = PBXGroup;
			children = (
				D4749B66232A842A0073F7BC /* RVS_GTDriver.framework */,
				D4749B6F232A842A0073F7BC /* RVS_GTDriverTests.xctest */,
				D4DDD0E8232A8CA9006836D0 /* RVS_GTDriver_MacOS_Test_Harness.app */,
			);
			name = Products;
			sourceTree = "<group>";
		};
		D4749B68232A842A0073F7BC /* RVS_GTDriver */ = {
			isa = PBXGroup;
			children = (
				D43540E0232B143800C92A19 /* Extensions */,
				D4749B69232A842A0073F7BC /* RVS_GTDriver.h */,
				D4749B6A232A842A0073F7BC /* Info.plist */,
				D40D8E70232A88FA00697259 /* RVS_GTDriver.swift */,
				D43A7E06232AEADF00A9C55A /* RVS_GTDevice.swift */,
			);
			path = RVS_GTDriver;
			sourceTree = "<group>";
		};
		D4749B73232A842A0073F7BC /* RVS_GTDriverTests */ = {
			isa = PBXGroup;
			children = (
				D4749B74232A842A0073F7BC /* RVS_GTDriverTests.swift */,
				D4749B76232A842A0073F7BC /* Info.plist */,
			);
			path = RVS_GTDriverTests;
			sourceTree = "<group>";
		};
		D4DDD0E9232A8CA9006836D0 /* RVS_GTDriver_MacOS_Test_Harness */ = {
			isa = PBXGroup;
			children = (
				D4DDD0EA232A8CAA006836D0 /* RVS_GTDriver_MacOS_Test_Harness_AppDelegate.swift */,
				D4DDD0EC232A8CAA006836D0 /* RVS_GTDriver_MacOS_Test_Harness_ViewController.swift */,
				D4DDD0F8232A8D32006836D0 /* Resources */,
				D4DDD0F9232A8D62006836D0 /* Meta */,
			);
			path = RVS_GTDriver_MacOS_Test_Harness;
			sourceTree = "<group>";
		};
		D4DDD0F8232A8D32006836D0 /* Resources */ = {
			isa = PBXGroup;
			children = (
				D4DDD0EE232A8CAA006836D0 /* Assets.xcassets */,
				D43540E5232B14DE00C92A19 /* Localizable.strings */,
				D4DDD0F0232A8CAA006836D0 /* Main.storyboard */,
				D4DDD0F4232A8CAB006836D0 /* RVS_GTDriver_MacOS_Test_Harness.entitlements */,
			);
			path = Resources;
			sourceTree = "<group>";
		};
		D4DDD0F9232A8D62006836D0 /* Meta */ = {
			isa = PBXGroup;
			children = (
				D41494BD232A92B200E1475D /* Warnings.xcconfig */,
				D4DDD0F3232A8CAB006836D0 /* Info.plist */,
			);
			path = Meta;
			sourceTree = "<group>";
		};
/* End PBXGroup section */

/* Begin PBXNativeTarget section */
		D4749B65232A842A0073F7BC /* RVS_GTDriver */ = {
			isa = PBXNativeTarget;
			buildConfigurationList = D4749B7A232A842A0073F7BC /* Build configuration list for PBXNativeTarget "RVS_GTDriver" */;
			buildPhases = (
				D4823C46232A93C600A16CE9 /* SwiftLint */,
				D4749B62232A842A0073F7BC /* Sources */,
			);
			buildRules = (
			);
			dependencies = (
			);
			name = RVS_GTDriver;
			productName = RVS_GTDriver;
			productReference = D4749B66232A842A0073F7BC /* RVS_GTDriver.framework */;
			productType = "com.apple.product-type.framework";
		};
		D4749B6E232A842A0073F7BC /* RVS_GTDriverTests */ = {
			isa = PBXNativeTarget;
			buildConfigurationList = D4749B7D232A842A0073F7BC /* Build configuration list for PBXNativeTarget "RVS_GTDriverTests" */;
			buildPhases = (
				D4749B6B232A842A0073F7BC /* Sources */,
				D4749B6C232A842A0073F7BC /* Frameworks */,
				D4749B6D232A842A0073F7BC /* Resources */,
			);
			buildRules = (
			);
			dependencies = (
				D4749B72232A842A0073F7BC /* PBXTargetDependency */,
			);
			name = RVS_GTDriverTests;
			productName = RVS_GTDriverTests;
			productReference = D4749B6F232A842A0073F7BC /* RVS_GTDriverTests.xctest */;
			productType = "com.apple.product-type.bundle.unit-test";
		};
		D4DDD0E7232A8CA9006836D0 /* RVS_GTDriver_MacOS_Test_Harness */ = {
			isa = PBXNativeTarget;
			buildConfigurationList = D4DDD0F7232A8CAB006836D0 /* Build configuration list for PBXNativeTarget "RVS_GTDriver_MacOS_Test_Harness" */;
			buildPhases = (
				D4823C49232A940600A16CE9 /* SwiftLint */,
				D4DDD0E4232A8CA9006836D0 /* Sources */,
				D4DDD0E6232A8CA9006836D0 /* Resources */,
			);
			buildRules = (
			);
			dependencies = (
				D4823C48232A940000A16CE9 /* PBXTargetDependency */,
			);
			name = RVS_GTDriver_MacOS_Test_Harness;
			productName = RVS_GTDriver_MacOS_Test_Harness;
			productReference = D4DDD0E8232A8CA9006836D0 /* RVS_GTDriver_MacOS_Test_Harness.app */;
			productType = "com.apple.product-type.application";
		};
/* End PBXNativeTarget section */

/* Begin PBXProject section */
		D4749B5D232A842A0073F7BC /* Project object */ = {
			isa = PBXProject;
			attributes = {
				LastSwiftUpdateCheck = 1100;
				LastUpgradeCheck = 1100;
				ORGANIZATIONNAME = "The Great Rift Valley Software Company";
				TargetAttributes = {
					D4749B65232A842A0073F7BC = {
						CreatedOnToolsVersion = 11.0;
						LastSwiftMigration = 1100;
					};
					D4749B6E232A842A0073F7BC = {
						CreatedOnToolsVersion = 11.0;
					};
					D4DDD0E7232A8CA9006836D0 = {
						CreatedOnToolsVersion = 11.0;
					};
				};
			};
			buildConfigurationList = D4749B60232A842A0073F7BC /* Build configuration list for PBXProject "RVS_GTDriver" */;
			compatibilityVersion = "Xcode 11.0";
			developmentRegion = en;
			hasScannedForEncodings = 0;
			knownRegions = (
				en,
				Base,
			);
			mainGroup = D4749B5C232A842A0073F7BC;
			productRefGroup = D4749B67232A842A0073F7BC /* Products */;
			projectDirPath = "";
			projectRoot = "";
			targets = (
				D4749B65232A842A0073F7BC /* RVS_GTDriver */,
				D4749B6E232A842A0073F7BC /* RVS_GTDriverTests */,
				D4DDD0E7232A8CA9006836D0 /* RVS_GTDriver_MacOS_Test_Harness */,
			);
		};
/* End PBXProject section */

/* Begin PBXResourcesBuildPhase section */
		D4749B6D232A842A0073F7BC /* Resources */ = {
			isa = PBXResourcesBuildPhase;
			buildActionMask = 2147483647;
			files = (
				D41494BF232A92B200E1475D /* Warnings.xcconfig in Resources */,
			);
			runOnlyForDeploymentPostprocessing = 0;
		};
		D4DDD0E6232A8CA9006836D0 /* Resources */ = {
			isa = PBXResourcesBuildPhase;
			buildActionMask = 2147483647;
			files = (
				D41494C0232A92B200E1475D /* Warnings.xcconfig in Resources */,
				D43540E7232B14DE00C92A19 /* Localizable.strings in Resources */,
				D4DDD0EF232A8CAA006836D0 /* Assets.xcassets in Resources */,
				D4DDD0F2232A8CAA006836D0 /* Main.storyboard in Resources */,
			);
			runOnlyForDeploymentPostprocessing = 0;
		};
/* End PBXResourcesBuildPhase section */

/* Begin PBXShellScriptBuildPhase section */
		D4823C46232A93C600A16CE9 /* SwiftLint */ = {
			isa = PBXShellScriptBuildPhase;
			buildActionMask = 2147483647;
			files = (
			);
			inputFileListPaths = (
			);
			inputPaths = (
			);
			name = SwiftLint;
			outputFileListPaths = (
			);
			outputPaths = (
			);
			runOnlyForDeploymentPostprocessing = 0;
			shellPath = /bin/sh;
			shellScript = "if test -f \"${PROJECT_DIR}/Pods/SwiftLint/swiftlint\"; then\n    \"${PROJECT_DIR}/Pods/SwiftLint/swiftlint\"\nfi\n";
		};
		D4823C49232A940600A16CE9 /* SwiftLint */ = {
			isa = PBXShellScriptBuildPhase;
			buildActionMask = 2147483647;
			files = (
			);
			inputFileListPaths = (
			);
			inputPaths = (
			);
			name = SwiftLint;
			outputFileListPaths = (
			);
			outputPaths = (
			);
			runOnlyForDeploymentPostprocessing = 0;
			shellPath = /bin/sh;
			shellScript = "if test -f \"${PROJECT_DIR}/Pods/SwiftLint/swiftlint\"; then\n    \"${PROJECT_DIR}/Pods/SwiftLint/swiftlint\"\nfi\n";
		};
/* End PBXShellScriptBuildPhase section */

/* Begin PBXSourcesBuildPhase section */
		D4749B62232A842A0073F7BC /* Sources */ = {
			isa = PBXSourcesBuildPhase;
			buildActionMask = 2147483647;
			files = (
				D43540E4232B146800C92A19 /* RVS_String_Extensions.swift in Sources */,
				D43A7E07232AEADF00A9C55A /* RVS_GTDevice.swift in Sources */,
				D40D8E71232A88FA00697259 /* RVS_GTDriver.swift in Sources */,
			);
			runOnlyForDeploymentPostprocessing = 0;
		};
		D4749B6B232A842A0073F7BC /* Sources */ = {
			isa = PBXSourcesBuildPhase;
			buildActionMask = 2147483647;
			files = (
				D4749B75232A842A0073F7BC /* RVS_GTDriverTests.swift in Sources */,
			);
			runOnlyForDeploymentPostprocessing = 0;
		};
		D4DDD0E4232A8CA9006836D0 /* Sources */ = {
			isa = PBXSourcesBuildPhase;
			buildActionMask = 2147483647;
			files = (
				D4DDD0ED232A8CAA006836D0 /* RVS_GTDriver_MacOS_Test_Harness_ViewController.swift in Sources */,
				D4DDD0EB232A8CAA006836D0 /* RVS_GTDriver_MacOS_Test_Harness_AppDelegate.swift in Sources */,
			);
			runOnlyForDeploymentPostprocessing = 0;
		};
/* End PBXSourcesBuildPhase section */

/* Begin PBXTargetDependency section */
		D4749B72232A842A0073F7BC /* PBXTargetDependency */ = {
			isa = PBXTargetDependency;
			target = D4749B65232A842A0073F7BC /* RVS_GTDriver */;
			targetProxy = D4749B71232A842A0073F7BC /* PBXContainerItemProxy */;
		};
		D4823C48232A940000A16CE9 /* PBXTargetDependency */ = {
			isa = PBXTargetDependency;
			target = D4749B65232A842A0073F7BC /* RVS_GTDriver */;
			targetProxy = D4823C47232A940000A16CE9 /* PBXContainerItemProxy */;
		};
/* End PBXTargetDependency section */

/* Begin PBXVariantGroup section */
		D43540E5232B14DE00C92A19 /* Localizable.strings */ = {
			isa = PBXVariantGroup;
			children = (
				D43540E6232B14DE00C92A19 /* Base */,
			);
			name = Localizable.strings;
			sourceTree = "<group>";
		};
		D4DDD0F0232A8CAA006836D0 /* Main.storyboard */ = {
			isa = PBXVariantGroup;
			children = (
				D4DDD0F1232A8CAA006836D0 /* Base */,
			);
			name = Main.storyboard;
			sourceTree = "<group>";
		};
/* End PBXVariantGroup section */

/* Begin XCBuildConfiguration section */
		D4749B78232A842A0073F7BC /* Debug */ = {
			isa = XCBuildConfiguration;
			baseConfigurationReference = D41494BD232A92B200E1475D /* Warnings.xcconfig */;
			buildSettings = {
				ALWAYS_SEARCH_USER_PATHS = NO;
				CLANG_ANALYZER_NONNULL = YES;
				CLANG_ANALYZER_NUMBER_OBJECT_CONVERSION = YES_AGGRESSIVE;
				CLANG_CXX_LANGUAGE_STANDARD = "gnu++14";
				CLANG_CXX_LIBRARY = "libc++";
				CLANG_ENABLE_MODULES = YES;
				CLANG_ENABLE_OBJC_ARC = YES;
				CLANG_ENABLE_OBJC_WEAK = YES;
				CLANG_WARN_BLOCK_CAPTURE_AUTORELEASING = YES;
				CLANG_WARN_BOOL_CONVERSION = YES;
				CLANG_WARN_COMMA = YES;
				CLANG_WARN_CONSTANT_CONVERSION = YES;
				CLANG_WARN_DEPRECATED_OBJC_IMPLEMENTATIONS = YES;
				CLANG_WARN_DIRECT_OBJC_ISA_USAGE = YES_ERROR;
				CLANG_WARN_DOCUMENTATION_COMMENTS = YES;
				CLANG_WARN_EMPTY_BODY = YES;
				CLANG_WARN_ENUM_CONVERSION = YES;
				CLANG_WARN_INFINITE_RECURSION = YES;
				CLANG_WARN_INT_CONVERSION = YES;
				CLANG_WARN_NON_LITERAL_NULL_CONVERSION = YES;
				CLANG_WARN_OBJC_IMPLICIT_RETAIN_SELF = YES;
				CLANG_WARN_OBJC_LITERAL_CONVERSION = YES;
				CLANG_WARN_OBJC_ROOT_CLASS = YES_ERROR;
				CLANG_WARN_RANGE_LOOP_ANALYSIS = YES;
				CLANG_WARN_STRICT_PROTOTYPES = YES;
				CLANG_WARN_SUSPICIOUS_MOVE = YES;
				CLANG_WARN_UNGUARDED_AVAILABILITY = YES_AGGRESSIVE;
				CLANG_WARN_UNREACHABLE_CODE = YES;
				CLANG_WARN__DUPLICATE_METHOD_MATCH = YES;
				COPY_PHASE_STRIP = NO;
				CURRENT_PROJECT_VERSION = 1;
				DEBUG_INFORMATION_FORMAT = dwarf;
				ENABLE_STRICT_OBJC_MSGSEND = YES;
				ENABLE_TESTABILITY = YES;
				GCC_C_LANGUAGE_STANDARD = gnu11;
				GCC_DYNAMIC_NO_PIC = NO;
				GCC_NO_COMMON_BLOCKS = YES;
				GCC_OPTIMIZATION_LEVEL = 0;
				GCC_PREPROCESSOR_DEFINITIONS = (
					"DEBUG=1",
					"$(inherited)",
				);
				GCC_WARN_64_TO_32_BIT_CONVERSION = YES;
				GCC_WARN_ABOUT_RETURN_TYPE = YES_ERROR;
				GCC_WARN_UNDECLARED_SELECTOR = YES;
				GCC_WARN_UNINITIALIZED_AUTOS = YES_AGGRESSIVE;
				GCC_WARN_UNUSED_FUNCTION = YES;
				GCC_WARN_UNUSED_VARIABLE = YES;
				MACOSX_DEPLOYMENT_TARGET = 10.14;
				MTL_ENABLE_DEBUG_INFO = INCLUDE_SOURCE;
				MTL_FAST_MATH = YES;
				ONLY_ACTIVE_ARCH = YES;
				SDKROOT = macosx;
				SWIFT_ACTIVE_COMPILATION_CONDITIONS = DEBUG;
				SWIFT_OPTIMIZATION_LEVEL = "-Onone";
				VERSIONING_SYSTEM = "apple-generic";
				VERSION_INFO_PREFIX = "";
			};
			name = Debug;
		};
		D4749B79232A842A0073F7BC /* Release */ = {
			isa = XCBuildConfiguration;
			baseConfigurationReference = D41494BD232A92B200E1475D /* Warnings.xcconfig */;
			buildSettings = {
				ALWAYS_SEARCH_USER_PATHS = NO;
				CLANG_ANALYZER_NONNULL = YES;
				CLANG_ANALYZER_NUMBER_OBJECT_CONVERSION = YES_AGGRESSIVE;
				CLANG_CXX_LANGUAGE_STANDARD = "gnu++14";
				CLANG_CXX_LIBRARY = "libc++";
				CLANG_ENABLE_MODULES = YES;
				CLANG_ENABLE_OBJC_ARC = YES;
				CLANG_ENABLE_OBJC_WEAK = YES;
				CLANG_WARN_BLOCK_CAPTURE_AUTORELEASING = YES;
				CLANG_WARN_BOOL_CONVERSION = YES;
				CLANG_WARN_COMMA = YES;
				CLANG_WARN_CONSTANT_CONVERSION = YES;
				CLANG_WARN_DEPRECATED_OBJC_IMPLEMENTATIONS = YES;
				CLANG_WARN_DIRECT_OBJC_ISA_USAGE = YES_ERROR;
				CLANG_WARN_DOCUMENTATION_COMMENTS = YES;
				CLANG_WARN_EMPTY_BODY = YES;
				CLANG_WARN_ENUM_CONVERSION = YES;
				CLANG_WARN_INFINITE_RECURSION = YES;
				CLANG_WARN_INT_CONVERSION = YES;
				CLANG_WARN_NON_LITERAL_NULL_CONVERSION = YES;
				CLANG_WARN_OBJC_IMPLICIT_RETAIN_SELF = YES;
				CLANG_WARN_OBJC_LITERAL_CONVERSION = YES;
				CLANG_WARN_OBJC_ROOT_CLASS = YES_ERROR;
				CLANG_WARN_RANGE_LOOP_ANALYSIS = YES;
				CLANG_WARN_STRICT_PROTOTYPES = YES;
				CLANG_WARN_SUSPICIOUS_MOVE = YES;
				CLANG_WARN_UNGUARDED_AVAILABILITY = YES_AGGRESSIVE;
				CLANG_WARN_UNREACHABLE_CODE = YES;
				CLANG_WARN__DUPLICATE_METHOD_MATCH = YES;
				COPY_PHASE_STRIP = NO;
				CURRENT_PROJECT_VERSION = 1;
				DEBUG_INFORMATION_FORMAT = "dwarf-with-dsym";
				ENABLE_NS_ASSERTIONS = NO;
				ENABLE_STRICT_OBJC_MSGSEND = YES;
				GCC_C_LANGUAGE_STANDARD = gnu11;
				GCC_NO_COMMON_BLOCKS = YES;
				GCC_WARN_64_TO_32_BIT_CONVERSION = YES;
				GCC_WARN_ABOUT_RETURN_TYPE = YES_ERROR;
				GCC_WARN_UNDECLARED_SELECTOR = YES;
				GCC_WARN_UNINITIALIZED_AUTOS = YES_AGGRESSIVE;
				GCC_WARN_UNUSED_FUNCTION = YES;
				GCC_WARN_UNUSED_VARIABLE = YES;
				MACOSX_DEPLOYMENT_TARGET = 10.14;
				MTL_ENABLE_DEBUG_INFO = NO;
				MTL_FAST_MATH = YES;
				SDKROOT = macosx;
				SWIFT_COMPILATION_MODE = wholemodule;
				SWIFT_OPTIMIZATION_LEVEL = "-O";
				VERSIONING_SYSTEM = "apple-generic";
				VERSION_INFO_PREFIX = "";
			};
			name = Release;
		};
		D4749B7B232A842A0073F7BC /* Debug */ = {
			isa = XCBuildConfiguration;
			buildSettings = {
				CLANG_ENABLE_MODULES = YES;
				CODE_SIGN_STYLE = Automatic;
				COMBINE_HIDPI_IMAGES = YES;
				CURRENT_PROJECT_VERSION = 0000;
				DEFINES_MODULE = YES;
				DEVELOPMENT_TEAM = KSAUGZFWP2;
				DYLIB_COMPATIBILITY_VERSION = 1;
				DYLIB_CURRENT_VERSION = 1;
				DYLIB_INSTALL_NAME_BASE = "@rpath";
				INFOPLIST_FILE = "${PROJECT_DIR}/Meta/Info.plist";
				INSTALL_PATH = "$(LOCAL_LIBRARY_DIR)/Frameworks";
				LD_RUNPATH_SEARCH_PATHS = (
					"$(inherited)",
					"@executable_path/../Frameworks",
					"@loader_path/Frameworks",
				);
				PRODUCT_BUNDLE_IDENTIFIER = "com.riftvalleysoftware.RVS-GTDriver";
				PRODUCT_NAME = "$(TARGET_NAME:c99extidentifier)";
				SKIP_INSTALL = YES;
				SWIFT_OPTIMIZATION_LEVEL = "-Onone";
				SWIFT_VERSION = 5.0;
			};
			name = Debug;
		};
		D4749B7C232A842A0073F7BC /* Release */ = {
			isa = XCBuildConfiguration;
			buildSettings = {
				CLANG_ENABLE_MODULES = YES;
				CODE_SIGN_STYLE = Automatic;
				COMBINE_HIDPI_IMAGES = YES;
				CURRENT_PROJECT_VERSION = 0000;
				DEFINES_MODULE = YES;
				DEVELOPMENT_TEAM = KSAUGZFWP2;
				DYLIB_COMPATIBILITY_VERSION = 1;
				DYLIB_CURRENT_VERSION = 1;
				DYLIB_INSTALL_NAME_BASE = "@rpath";
				INFOPLIST_FILE = "${PROJECT_DIR}/Meta/Info.plist";
				INSTALL_PATH = "$(LOCAL_LIBRARY_DIR)/Frameworks";
				LD_RUNPATH_SEARCH_PATHS = (
					"$(inherited)",
					"@executable_path/../Frameworks",
					"@loader_path/Frameworks",
				);
				PRODUCT_BUNDLE_IDENTIFIER = "com.riftvalleysoftware.RVS-GTDriver";
				PRODUCT_NAME = "$(TARGET_NAME:c99extidentifier)";
				SKIP_INSTALL = YES;
				SWIFT_VERSION = 5.0;
			};
			name = Release;
		};
		D4749B7E232A842A0073F7BC /* Debug */ = {
			isa = XCBuildConfiguration;
			buildSettings = {
				ALWAYS_EMBED_SWIFT_STANDARD_LIBRARIES = YES;
				CODE_SIGN_STYLE = Automatic;
				COMBINE_HIDPI_IMAGES = YES;
				DEVELOPMENT_TEAM = KSAUGZFWP2;
				INFOPLIST_FILE = RVS_GTDriverTests/Info.plist;
				LD_RUNPATH_SEARCH_PATHS = (
					"$(inherited)",
					"@executable_path/../Frameworks",
					"@loader_path/../Frameworks",
				);
				PRODUCT_BUNDLE_IDENTIFIER = "com.riftvalleysoftware.RVS-GTDriverTests";
				PRODUCT_NAME = "$(TARGET_NAME)";
				SWIFT_VERSION = 5.0;
			};
			name = Debug;
		};
		D4749B7F232A842A0073F7BC /* Release */ = {
			isa = XCBuildConfiguration;
			buildSettings = {
				ALWAYS_EMBED_SWIFT_STANDARD_LIBRARIES = YES;
				CODE_SIGN_STYLE = Automatic;
				COMBINE_HIDPI_IMAGES = YES;
				DEVELOPMENT_TEAM = KSAUGZFWP2;
				INFOPLIST_FILE = RVS_GTDriverTests/Info.plist;
				LD_RUNPATH_SEARCH_PATHS = (
					"$(inherited)",
					"@executable_path/../Frameworks",
					"@loader_path/../Frameworks",
				);
				PRODUCT_BUNDLE_IDENTIFIER = "com.riftvalleysoftware.RVS-GTDriverTests";
				PRODUCT_NAME = "$(TARGET_NAME)";
				SWIFT_VERSION = 5.0;
			};
			name = Release;
		};
		D4DDD0F5232A8CAB006836D0 /* Debug */ = {
			isa = XCBuildConfiguration;
			buildSettings = {
				ASSETCATALOG_COMPILER_APPICON_NAME = AppIcon;
				CODE_SIGN_ENTITLEMENTS = RVS_GTDriver_MacOS_Test_Harness/Resources/RVS_GTDriver_MacOS_Test_Harness.entitlements;
				CODE_SIGN_STYLE = Automatic;
				COMBINE_HIDPI_IMAGES = YES;
				DEVELOPMENT_TEAM = KSAUGZFWP2;
				ENABLE_HARDENED_RUNTIME = YES;
				INFOPLIST_FILE = "${PROJECT_DIR}/RVS_GTDriver_MacOS_Test_Harness/Meta/Info.plist";
				LD_RUNPATH_SEARCH_PATHS = (
					"$(inherited)",
					"@executable_path/../Frameworks",
				);
				PRODUCT_BUNDLE_IDENTIFIER = "com.riftvalleysoftware.RVS-GTDriver-MacOS-Test-Harness";
				PRODUCT_NAME = "$(TARGET_NAME)";
				SWIFT_VERSION = 5.0;
			};
			name = Debug;
		};
		D4DDD0F6232A8CAB006836D0 /* Release */ = {
			isa = XCBuildConfiguration;
			buildSettings = {
				ASSETCATALOG_COMPILER_APPICON_NAME = AppIcon;
				CODE_SIGN_ENTITLEMENTS = RVS_GTDriver_MacOS_Test_Harness/Resources/RVS_GTDriver_MacOS_Test_Harness.entitlements;
				CODE_SIGN_STYLE = Automatic;
				COMBINE_HIDPI_IMAGES = YES;
				DEVELOPMENT_TEAM = KSAUGZFWP2;
				ENABLE_HARDENED_RUNTIME = YES;
				INFOPLIST_FILE = "${PROJECT_DIR}/RVS_GTDriver_MacOS_Test_Harness/Meta/Info.plist";
				LD_RUNPATH_SEARCH_PATHS = (
					"$(inherited)",
					"@executable_path/../Frameworks",
				);
				PRODUCT_BUNDLE_IDENTIFIER = "com.riftvalleysoftware.RVS-GTDriver-MacOS-Test-Harness";
				PRODUCT_NAME = "$(TARGET_NAME)";
				SWIFT_VERSION = 5.0;
			};
			name = Release;
		};
/* End XCBuildConfiguration section */

/* Begin XCConfigurationList section */
		D4749B60232A842A0073F7BC /* Build configuration list for PBXProject "RVS_GTDriver" */ = {
			isa = XCConfigurationList;
			buildConfigurations = (
				D4749B78232A842A0073F7BC /* Debug */,
				D4749B79232A842A0073F7BC /* Release */,
			);
			defaultConfigurationIsVisible = 0;
			defaultConfigurationName = Release;
		};
		D4749B7A232A842A0073F7BC /* Build configuration list for PBXNativeTarget "RVS_GTDriver" */ = {
			isa = XCConfigurationList;
			buildConfigurations = (
				D4749B7B232A842A0073F7BC /* Debug */,
				D4749B7C232A842A0073F7BC /* Release */,
			);
			defaultConfigurationIsVisible = 0;
			defaultConfigurationName = Release;
		};
		D4749B7D232A842A0073F7BC /* Build configuration list for PBXNativeTarget "RVS_GTDriverTests" */ = {
			isa = XCConfigurationList;
			buildConfigurations = (
				D4749B7E232A842A0073F7BC /* Debug */,
				D4749B7F232A842A0073F7BC /* Release */,
			);
			defaultConfigurationIsVisible = 0;
			defaultConfigurationName = Release;
		};
		D4DDD0F7232A8CAB006836D0 /* Build configuration list for PBXNativeTarget "RVS_GTDriver_MacOS_Test_Harness" */ = {
			isa = XCConfigurationList;
			buildConfigurations = (
				D4DDD0F5232A8CAB006836D0 /* Debug */,
				D4DDD0F6232A8CAB006836D0 /* Release */,
			);
			defaultConfigurationIsVisible = 0;
			defaultConfigurationName = Release;
		};
/* End XCConfigurationList section */
	};
	rootObject = D4749B5D232A842A0073F7BC /* Project object */;
}
